// !$*UTF8*$!
{
	archiveVersion = 1;
	classes = {
	};
	objectVersion = 50;
	objects = {

/* Begin PBXBuildFile section */
		CB2D6AC7214FBCDD00354CE7 /* AppDelegate.swift in Sources */ = {isa = PBXBuildFile; fileRef = CB2D6AC6214FBCDD00354CE7 /* AppDelegate.swift */; };
		CB2D6AC9214FBCDD00354CE7 /* ViewController.swift in Sources */ = {isa = PBXBuildFile; fileRef = CB2D6AC8214FBCDD00354CE7 /* ViewController.swift */; };
		CB2D6ACC214FBCDD00354CE7 /* Main.storyboard in Resources */ = {isa = PBXBuildFile; fileRef = CB2D6ACA214FBCDD00354CE7 /* Main.storyboard */; };
		CB2D6ACE214FBCDE00354CE7 /* Assets.xcassets in Resources */ = {isa = PBXBuildFile; fileRef = CB2D6ACD214FBCDE00354CE7 /* Assets.xcassets */; };
		CB2D6AD1214FBCDE00354CE7 /* LaunchScreen.storyboard in Resources */ = {isa = PBXBuildFile; fileRef = CB2D6ACF214FBCDE00354CE7 /* LaunchScreen.storyboard */; };
/* End PBXBuildFile section */

/* Begin PBXFileReference section */
		CB2D6AC3214FBCDD00354CE7 /* CNUSignal.app */ = {isa = PBXFileReference; explicitFileType = wrapper.application; includeInIndex = 0; path = CNUSignal.app; sourceTree = BUILT_PRODUCTS_DIR; };
		CB2D6AC6214FBCDD00354CE7 /* AppDelegate.swift */ = {isa = PBXFileReference; lastKnownFileType = sourcecode.swift; path = AppDelegate.swift; sourceTree = "<group>"; };
		CB2D6AC8214FBCDD00354CE7 /* ViewController.swift */ = {isa = PBXFileReference; lastKnownFileType = sourcecode.swift; path = ViewController.swift; sourceTree = "<group>"; };
		CB2D6ACB214FBCDD00354CE7 /* Base */ = {isa = PBXFileReference; lastKnownFileType = file.storyboard; name = Base; path = Base.lproj/Main.storyboard; sourceTree = "<group>"; };
		CB2D6ACD214FBCDE00354CE7 /* Assets.xcassets */ = {isa = PBXFileReference; lastKnownFileType = folder.assetcatalog; path = Assets.xcassets; sourceTree = "<group>"; };
		CB2D6AD0214FBCDE00354CE7 /* Base */ = {isa = PBXFileReference; lastKnownFileType = file.storyboard; name = Base; path = Base.lproj/LaunchScreen.storyboard; sourceTree = "<group>"; };
		CB2D6AD2214FBCDE00354CE7 /* Info.plist */ = {isa = PBXFileReference; lastKnownFileType = text.plist.xml; path = Info.plist; sourceTree = "<group>"; };
/* End PBXFileReference section */

/* Begin PBXFrameworksBuildPhase section */
		CB2D6AC0214FBCDD00354CE7 /* Frameworks */ = {
			isa = PBXFrameworksBuildPhase;
			buildActionMask = 2147483647;
			files = (
			);
			runOnlyForDeploymentPostprocessing = 0;
		};
/* End PBXFrameworksBuildPhase section */

/* Begin PBXGroup section */
		CB2D6ABA214FBCDD00354CE7 = {
			isa = PBXGroup;
			children = (
				CB2D6AC5214FBCDD00354CE7 /* CNUSignal */,
				CB2D6AC4214FBCDD00354CE7 /* Products */,
			);
			sourceTree = "<group>";
		};
		CB2D6AC4214FBCDD00354CE7 /* Products */ = {
			isa = PBXGroup;
			children = (
				CB2D6AC3214FBCDD00354CE7 /* CNUSignal.app */,
			);
			name = Products;
			sourceTree = "<group>";
		};
		CB2D6AC5214FBCDD00354CE7 /* CNUSignal */ = {
			isa = PBXGroup;
			children = (
				CB2D6AC6214FBCDD00354CE7 /* AppDelegate.swift */,
				CB2D6AC8214FBCDD00354CE7 /* ViewController.swift */,
				CB2D6ACA214FBCDD00354CE7 /* Main.storyboard */,
				CB2D6ACD214FBCDE00354CE7 /* Assets.xcassets */,
				CB2D6ACF214FBCDE00354CE7 /* LaunchScreen.storyboard */,
				CB2D6AD2214FBCDE00354CE7 /* Info.plist */,
			);
			path = CNUSignal;
			sourceTree = "<group>";
		};
/* End PBXGroup section */

/* Begin PBXNativeTarget section */
		CB2D6AC2214FBCDD00354CE7 /* CNUSignal */ = {
			isa = PBXNativeTarget;
			buildConfigurationList = CB2D6AD5214FBCDE00354CE7 /* Build configuration list for PBXNativeTarget "CNUSignal" */;
			buildPhases = (
				CB2D6ABF214FBCDD00354CE7 /* Sources */,
				CB2D6AC0214FBCDD00354CE7 /* Frameworks */,
				CB2D6AC1214FBCDD00354CE7 /* Resources */,
			);
			buildRules = (
			);
			dependencies = (
			);
			name = CNUSignal;
			productName = CNUSignal;
			productReference = CB2D6AC3214FBCDD00354CE7 /* CNUSignal.app */;
			productType = "com.apple.product-type.application";
		};
/* End PBXNativeTarget section */

/* Begin PBXProject section */
		CB2D6ABB214FBCDD00354CE7 /* Project object */ = {
			isa = PBXProject;
			attributes = {
				LastSwiftUpdateCheck = 0940;
				LastUpgradeCheck = 0940;
				ORGANIZATIONNAME = 201402343;
				TargetAttributes = {
					CB2D6AC2214FBCDD00354CE7 = {
						CreatedOnToolsVersion = 9.4.1;
					};
				};
			};
			buildConfigurationList = CB2D6ABE214FBCDD00354CE7 /* Build configuration list for PBXProject "CNUSignal" */;
			compatibilityVersion = "Xcode 9.3";
			developmentRegion = en;
			hasScannedForEncodings = 0;
			knownRegions = (
				en,
				Base,
			);
			mainGroup = CB2D6ABA214FBCDD00354CE7;
			productRefGroup = CB2D6AC4214FBCDD00354CE7 /* Products */;
			projectDirPath = "";
			projectRoot = "";
			targets = (
				CB2D6AC2214FBCDD00354CE7 /* CNUSignal */,
			);
		};
/* End PBXProject section */

/* Begin PBXResourcesBuildPhase section */
		CB2D6AC1214FBCDD00354CE7 /* Resources */ = {
			isa = PBXResourcesBuildPhase;
			buildActionMask = 2147483647;
			files = (
				CB2D6AD1214FBCDE00354CE7 /* LaunchScreen.storyboard in Resources */,
				CB2D6ACE214FBCDE00354CE7 /* Assets.xcassets in Resources */,
				CB2D6ACC214FBCDD00354CE7 /* Main.storyboard in Resources */,
			);
			runOnlyForDeploymentPostprocessing = 0;
		};
/* End PBXResourcesBuildPhase section */

/* Begin PBXSourcesBuildPhase section */
		CB2D6ABF214FBCDD00354CE7 /* Sources */ = {
			isa = PBXSourcesBuildPhase;
			buildActionMask = 2147483647;
			files = (
				CB2D6AC9214FBCDD00354CE7 /* ViewController.swift in Sources */,
				CB2D6AC7214FBCDD00354CE7 /* AppDelegate.swift in Sources */,
			);
			runOnlyForDeploymentPostprocessing = 0;
		};
/* End PBXSourcesBuildPhase section */

/* Begin PBXVariantGroup section */
		CB2D6ACA214FBCDD00354CE7 /* Main.storyboard */ = {
			isa = PBXVariantGroup;
			children = (
				CB2D6ACB214FBCDD00354CE7 /* Base */,
			);
			name = Main.storyboard;
			sourceTree = "<group>";
		};
		CB2D6ACF214FBCDE00354CE7 /* LaunchScreen.storyboard */ = {
			isa = PBXVariantGroup;
			children = (
				CB2D6AD0214FBCDE00354CE7 /* Base */,
			);
			name = LaunchScreen.storyboard;
			sourceTree = "<group>";
		};
/* End PBXVariantGroup section */

/* Begin XCBuildConfiguration section */
		CB2D6AD3214FBCDE00354CE7 /* Debug */ = {
			isa = XCBuildConfiguration;
			buildSettings = {
				ALWAYS_SEARCH_USER_PATHS = NO;
				CLANG_ANALYZER_NONNULL = YES;
				CLANG_ANALYZER_NUMBER_OBJECT_CONVERSION = YES_AGGRESSIVE;
				CLANG_CXX_LANGUAGE_STANDARD = "gnu++14";
				CLANG_CXX_LIBRARY = "libc++";
				CLANG_ENABLE_MODULES = YES;
				CLANG_ENABLE_OBJC_ARC = YES;
				CLANG_ENABLE_OBJC_WEAK = YES;
				CLANG_WARN_BLOCK_CAPTURE_AUTORELEASING = YES;
				CLANG_WARN_BOOL_CONVERSION = YES;
				CLANG_WARN_COMMA = YES;
				CLANG_WARN_CONSTANT_CONVERSION = YES;
				CLANG_WARN_DEPRECATED_OBJC_IMPLEMENTATIONS = YES;
				CLANG_WARN_DIRECT_OBJC_ISA_USAGE = YES_ERROR;
				CLANG_WARN_DOCUMENTATION_COMMENTS = YES;
				CLANG_WARN_EMPTY_BODY = YES;
				CLANG_WARN_ENUM_CONVERSION = YES;
				CLANG_WARN_INFINITE_RECURSION = YES;
				CLANG_WARN_INT_CONVERSION = YES;
				CLANG_WARN_NON_LITERAL_NULL_CONVERSION = YES;
				CLANG_WARN_OBJC_IMPLICIT_RETAIN_SELF = YES;
				CLANG_WARN_OBJC_LITERAL_CONVERSION = YES;
				CLANG_WARN_OBJC_ROOT_CLASS = YES_ERROR;
				CLANG_WARN_RANGE_LOOP_ANALYSIS = YES;
				CLANG_WARN_STRICT_PROTOTYPES = YES;
				CLANG_WARN_SUSPICIOUS_MOVE = YES;
				CLANG_WARN_UNGUARDED_AVAILABILITY = YES_AGGRESSIVE;
				CLANG_WARN_UNREACHABLE_CODE = YES;
				CLANG_WARN__DUPLICATE_METHOD_MATCH = YES;
				CODE_SIGN_IDENTITY = "iPhone Developer";
				COPY_PHASE_STRIP = NO;
				DEBUG_INFORMATION_FORMAT = dwarf;
				ENABLE_STRICT_OBJC_MSGSEND = YES;
				ENABLE_TESTABILITY = YES;
				GCC_C_LANGUAGE_STANDARD = gnu11;
				GCC_DYNAMIC_NO_PIC = NO;
				GCC_NO_COMMON_BLOCKS = YES;
				GCC_OPTIMIZATION_LEVEL = 0;
				GCC_PREPROCESSOR_DEFINITIONS = (
					"DEBUG=1",
					"$(inherited)",
				);
				GCC_WARN_64_TO_32_BIT_CONVERSION = YES;
				GCC_WARN_ABOUT_RETURN_TYPE = YES_ERROR;
				GCC_WARN_UNDECLARED_SELECTOR = YES;
				GCC_WARN_UNINITIALIZED_AUTOS = YES_AGGRESSIVE;
				GCC_WARN_UNUSED_FUNCTION = YES;
				GCC_WARN_UNUSED_VARIABLE = YES;
				IPHONEOS_DEPLOYMENT_TARGET = 11.4;
				MTL_ENABLE_DEBUG_INFO = YES;
				ONLY_ACTIVE_ARCH = YES;
				SDKROOT = iphoneos;
				SWIFT_ACTIVE_COMPILATION_CONDITIONS = DEBUG;
				SWIFT_OPTIMIZATION_LEVEL = "-Onone";
			};
			name = Debug;
		};
		CB2D6AD4214FBCDE00354CE7 /* Release */ = {
			isa = XCBuildConfiguration;
			buildSettings = {
				ALWAYS_SEARCH_USER_PATHS = NO;
				CLANG_ANALYZER_NONNULL = YES;
				CLANG_ANALYZER_NUMBER_OBJECT_CONVERSION = YES_AGGRESSIVE;
				CLANG_CXX_LANGUAGE_STANDARD = "gnu++14";
				CLANG_CXX_LIBRARY = "libc++";
				CLANG_ENABLE_MODULES = YES;
				CLANG_ENABLE_OBJC_ARC = YES;
				CLANG_ENABLE_OBJC_WEAK = YES;
				CLANG_WARN_BLOCK_CAPTURE_AUTORELEASING = YES;
				CLANG_WARN_BOOL_CONVERSION = YES;
				CLANG_WARN_COMMA = YES;
				CLANG_WARN_CONSTANT_CONVERSION = YES;
				CLANG_WARN_DEPRECATED_OBJC_IMPLEMENTATIONS = YES;
				CLANG_WARN_DIRECT_OBJC_ISA_USAGE = YES_ERROR;
				CLANG_WARN_DOCUMENTATION_COMMENTS = YES;
				CLANG_WARN_EMPTY_BODY = YES;
				CLANG_WARN_ENUM_CONVERSION = YES;
				CLANG_WARN_INFINITE_RECURSION = YES;
				CLANG_WARN_INT_CONVERSION = YES;
				CLANG_WARN_NON_LITERAL_NULL_CONVERSION = YES;
				CLANG_WARN_OBJC_IMPLICIT_RETAIN_SELF = YES;
				CLANG_WARN_OBJC_LITERAL_CONVERSION = YES;
				CLANG_WARN_OBJC_ROOT_CLASS = YES_ERROR;
				CLANG_WARN_RANGE_LOOP_ANALYSIS = YES;
				CLANG_WARN_STRICT_PROTOTYPES = YES;
				CLANG_WARN_SUSPICIOUS_MOVE = YES;
				CLANG_WARN_UNGUARDED_AVAILABILITY = YES_AGGRESSIVE;
				CLANG_WARN_UNREACHABLE_CODE = YES;
				CLANG_WARN__DUPLICATE_METHOD_MATCH = YES;
				CODE_SIGN_IDENTITY = "iPhone Developer";
				COPY_PHASE_STRIP = NO;
				DEBUG_INFORMATION_FORMAT = "dwarf-with-dsym";
				ENABLE_NS_ASSERTIONS = NO;
				ENABLE_STRICT_OBJC_MSGSEND = YES;
				GCC_C_LANGUAGE_STANDARD = gnu11;
				GCC_NO_COMMON_BLOCKS = YES;
				GCC_WARN_64_TO_32_BIT_CONVERSION = YES;
				GCC_WARN_ABOUT_RETURN_TYPE = YES_ERROR;
				GCC_WARN_UNDECLARED_SELECTOR = YES;
				GCC_WARN_UNINITIALIZED_AUTOS = YES_AGGRESSIVE;
				GCC_WARN_UNUSED_FUNCTION = YES;
				GCC_WARN_UNUSED_VARIABLE = YES;
				IPHONEOS_DEPLOYMENT_TARGET = 11.4;
				MTL_ENABLE_DEBUG_INFO = NO;
				SDKROOT = iphoneos;
				SWIFT_COMPILATION_MODE = wholemodule;
				SWIFT_OPTIMIZATION_LEVEL = "-O";
				VALIDATE_PRODUCT = YES;
			};
			name = Release;
		};
		CB2D6AD6214FBCDE00354CE7 /* Debug */ = {
			isa = XCBuildConfiguration;
			buildSettings = {
				ASSETCATALOG_COMPILER_APPICON_NAME = AppIcon;
				CODE_SIGN_STYLE = Automatic;
				DEVELOPMENT_TEAM = SX7KRP35G2;
				INFOPLIST_FILE = CNUSignal/Info.plist;
				LD_RUNPATH_SEARCH_PATHS = (
					"$(inherited)",
					"@executable_path/Frameworks",
				);
				PRODUCT_BUNDLE_IDENTIFIER = "-01402343.CNUSignal";
				PRODUCT_NAME = "$(TARGET_NAME)";
				SWIFT_VERSION = 4.0;
				TARGETED_DEVICE_FAMILY = "1,2";
			};
			name = Debug;
		};
		CB2D6AD7214FBCDE00354CE7 /* Release */ = {
			isa = XCBuildConfiguration;
			buildSettings = {
				ASSETCATALOG_COMPILER_APPICON_NAME = AppIcon;
				CODE_SIGN_STYLE = Automatic;
				DEVELOPMENT_TEAM = SX7KRP35G2;
				INFOPLIST_FILE = CNUSignal/Info.plist;
				LD_RUNPATH_SEARCH_PATHS = (
					"$(inherited)",
					"@executable_path/Frameworks",
				);
				PRODUCT_BUNDLE_IDENTIFIER = "-01402343.CNUSignal";
				PRODUCT_NAME = "$(TARGET_NAME)";
				SWIFT_VERSION = 4.0;
				TARGETED_DEVICE_FAMILY = "1,2";
			};
			name = Release;
		};
/* End XCBuildConfiguration section */

/* Begin XCConfigurationList section */
		CB2D6ABE214FBCDD00354CE7 /* Build configuration list for PBXProject "CNUSignal" */ = {
			isa = XCConfigurationList;
			buildConfigurations = (
				CB2D6AD3214FBCDE00354CE7 /* Debug */,
				CB2D6AD4214FBCDE00354CE7 /* Release */,
			);
			defaultConfigurationIsVisible = 0;
			defaultConfigurationName = Release;
		};
		CB2D6AD5214FBCDE00354CE7 /* Build configuration list for PBXNativeTarget "CNUSignal" */ = {
			isa = XCConfigurationList;
			buildConfigurations = (
				CB2D6AD6214FBCDE00354CE7 /* Debug */,
				CB2D6AD7214FBCDE00354CE7 /* Release */,
			);
			defaultConfigurationIsVisible = 0;
			defaultConfigurationName = Release;
		};
/* End XCConfigurationList section */
	};
	rootObject = CB2D6ABB214FBCDD00354CE7 /* Project object */;
}
